
Microsoft Visual Studio Solution File, Format Version 12.00
# Visual Studio 15
VisualStudioVersion = 15.0.27130.2036
MinimumVisualStudioVersion = 10.0.40219.1
Project("{FAE04EC0-301F-11D3-BF4B-00C04F79EFBC}") = "Exercise1", "Exercise1\Exercise1.csproj", "{02CB4A2F-4B21-4775-90E1-8D13B09C235B}"
EndProject
Global
	GlobalSection(SolutionConfigurationPlatforms) = preSolution
		Debug|Any CPU = Debug|Any CPU
		Release|Any CPU = Release|Any CPU
	EndGlobalSection
	GlobalSection(ProjectConfigurationPlatforms) = postSolution
		{02CB4A2F-4B21-4775-90E1-8D13B09C235B}.Debug|Any CPU.ActiveCfg = Debug|Any CPU
		{02CB4A2F-4B21-4775-90E1-8D13B09C235B}.Debug|Any CPU.Build.0 = Debug|Any CPU
		{02CB4A2F-4B21-4775-90E1-8D13B09C235B}.Release|Any CPU.ActiveCfg = Release|Any CPU
		{02CB4A2F-4B21-4775-90E1-8D13B09C235B}.Release|Any CPU.Build.0 = Release|Any CPU
	EndGlobalSection
	GlobalSection(SolutionProperties) = preSolution
		HideSolutionNode = FALSE
	EndGlobalSection
	GlobalSection(ExtensibilityGlobals) = postSolution
		SolutionGuid = {3A5A0014-3DDB-47F8-8095-5E947F718B70}
	EndGlobalSection
EndGlobal
