
Microsoft Visual Studio Solution File, Format Version 12.00
# Visual Studio 15
VisualStudioVersion = 15.0.27130.2036
MinimumVisualStudioVersion = 10.0.40219.1
Project("{FAE04EC0-301F-11D3-BF4B-00C04F79EFBC}") = "Exercise2", "Exercise2\Exercise2.csproj", "{FFAA41CA-7918-4871-A60F-6E942549BB2F}"
EndProject
Global
	GlobalSection(SolutionConfigurationPlatforms) = preSolution
		Debug|Any CPU = Debug|Any CPU
		Release|Any CPU = Release|Any CPU
	EndGlobalSection
	GlobalSection(ProjectConfigurationPlatforms) = postSolution
		{FFAA41CA-7918-4871-A60F-6E942549BB2F}.Debug|Any CPU.ActiveCfg = Debug|Any CPU
		{FFAA41CA-7918-4871-A60F-6E942549BB2F}.Debug|Any CPU.Build.0 = Debug|Any CPU
		{FFAA41CA-7918-4871-A60F-6E942549BB2F}.Release|Any CPU.ActiveCfg = Release|Any CPU
		{FFAA41CA-7918-4871-A60F-6E942549BB2F}.Release|Any CPU.Build.0 = Release|Any CPU
	EndGlobalSection
	GlobalSection(SolutionProperties) = preSolution
		HideSolutionNode = FALSE
	EndGlobalSection
	GlobalSection(ExtensibilityGlobals) = postSolution
		SolutionGuid = {A9776E77-A540-4CD7-9C73-0654001CB2DB}
	EndGlobalSection
EndGlobal
